# This file is automatically @generated by Cargo.
# It is not intended for manual editing.
[[package]]
name = "cmdln_parser"
version = "0.1.0"

[[package]]
name = "dir_nav"
version = "0.1.0"

[[package]]
name = "executive"
version = "0.1.0"
dependencies = [
 "cmdln_parser",
 "dir_nav",
 "file_anal",
]

[[package]]
name = "file_anal"
version = "0.1.0"
